
Microsoft Visual Studio Solution File, Format Version 12.00
# Visual Studio Version 16
VisualStudioVersion = 16.0.31729.503
MinimumVisualStudioVersion = 10.0.40219.1
Project("{9A19103F-16F7-4668-BE54-9A1E7A4F7556}") = "TDDPractice", "TDDPractice\TDDPractice.csproj", "{73E0E36A-512A-4F92-9B20-7689A4DDD550}"
EndProject
Project("{9A19103F-16F7-4668-BE54-9A1E7A4F7556}") = "UnitTests", "UnitTests\UnitTests.csproj", "{0E18DD82-6F41-4370-8BDC-35055B5EA95E}"
EndProject
Project("{FAE04EC0-301F-11D3-BF4B-00C04F79EFBC}") = "Stack", "Stack\Stack.csproj", "{B17F60A4-8A87-4CCB-BAFA-440F85D84930}"
EndProject
Global
	GlobalSection(SolutionConfigurationPlatforms) = preSolution
		Debug|Any CPU = Debug|Any CPU
		Release|Any CPU = Release|Any CPU
	EndGlobalSection
	GlobalSection(ProjectConfigurationPlatforms) = postSolution
		{73E0E36A-512A-4F92-9B20-7689A4DDD550}.Debug|Any CPU.ActiveCfg = Debug|Any CPU
		{73E0E36A-512A-4F92-9B20-7689A4DDD550}.Debug|Any CPU.Build.0 = Debug|Any CPU
		{73E0E36A-512A-4F92-9B20-7689A4DDD550}.Release|Any CPU.ActiveCfg = Release|Any CPU
		{73E0E36A-512A-4F92-9B20-7689A4DDD550}.Release|Any CPU.Build.0 = Release|Any CPU
		{0E18DD82-6F41-4370-8BDC-35055B5EA95E}.Debug|Any CPU.ActiveCfg = Debug|Any CPU
		{0E18DD82-6F41-4370-8BDC-35055B5EA95E}.Debug|Any CPU.Build.0 = Debug|Any CPU
		{0E18DD82-6F41-4370-8BDC-35055B5EA95E}.Release|Any CPU.ActiveCfg = Release|Any CPU
		{0E18DD82-6F41-4370-8BDC-35055B5EA95E}.Release|Any CPU.Build.0 = Release|Any CPU
		{B17F60A4-8A87-4CCB-BAFA-440F85D84930}.Debug|Any CPU.ActiveCfg = Debug|Any CPU
		{B17F60A4-8A87-4CCB-BAFA-440F85D84930}.Debug|Any CPU.Build.0 = Debug|Any CPU
		{B17F60A4-8A87-4CCB-BAFA-440F85D84930}.Release|Any CPU.ActiveCfg = Release|Any CPU
		{B17F60A4-8A87-4CCB-BAFA-440F85D84930}.Release|Any CPU.Build.0 = Release|Any CPU
	EndGlobalSection
	GlobalSection(SolutionProperties) = preSolution
		HideSolutionNode = FALSE
	EndGlobalSection
	GlobalSection(ExtensibilityGlobals) = postSolution
		SolutionGuid = {1CDB8AF1-644A-40D2-AEEC-9900CB859FFC}
	EndGlobalSection
EndGlobal
